
# cargo-vet imports lock

[[audits.mozilla.audits.idna_adapter]]
who = "Nika Layzell <nika@thelayzells.com>"
criteria = "safe-to-deploy"
delta = "1.2.0 -> 1.2.1"

[[audits.mozilla.audits.option-ext]]
who = "Nika Layzell <nika@thelayzells.com>"
criteria = "safe-to-deploy"
version = "0.2.0"

[[audits.mozilla.audits.synstructure]]
who = "Nika Layzell <nika@thelayzells.com>"
criteria = "safe-to-deploy"
delta = "0.13.1 -> 0.13.2"
